Microsoft Visual Studio Solution File, Format Version 12.00
# Visual Studio Version 17
VisualStudioVersion = 17.5.2.0
MinimumVisualStudioVersion = 10.0.40219.1
Project("{FAE04EC0-301F-11D3-BF4B-00C04F79EFBC}") = "DocuTrack", "DocuTrack.csproj", "{61803E5C-9E39-5AFC-599D-E86CBBBD2041}"
EndProject
Global
	GlobalSection(SolutionConfigurationPlatforms) = preSolution
		Debug|Any CPU = Debug|Any CPU
		Release|Any CPU = Release|Any CPU
	EndGlobalSection
	GlobalSection(ProjectConfigurationPlatforms) = postSolution
		{61803E5C-9E39-5AFC-599D-E86CBBBD2041}.Debug|Any CPU.ActiveCfg = Debug|Any CPU
		{61803E5C-9E39-5AFC-599D-E86CBBBD2041}.Debug|Any CPU.Build.0 = Debug|Any CPU
		{61803E5C-9E39-5AFC-599D-E86CBBBD2041}.Release|Any CPU.ActiveCfg = Release|Any CPU
		{61803E5C-9E39-5AFC-599D-E86CBBBD2041}.Release|Any CPU.Build.0 = Release|Any CPU
	EndGlobalSection
	GlobalSection(SolutionProperties) = preSolution
		HideSolutionNode = FALSE
	EndGlobalSection
	GlobalSection(ExtensibilityGlobals) = postSolution
		SolutionGuid = {0B96451A-72F5-4241-99FD-B6FCC5F4798B}
	EndGlobalSection
EndGlobal
