Microsoft Visual Studio Solution File, Format Version 12.00
# Visual Studio Version 17
VisualStudioVersion = 17.5.2.0
MinimumVisualStudioVersion = 10.0.40219.1
Project("{FAE04EC0-301F-11D3-BF4B-00C04F79EFBC}") = "DocuTrack", "DocuTrack\DocuTrack.csproj", "{043AC6BC-DF10-F464-3AD5-8B0C8A130FBF}"
EndProject
Global
	GlobalSection(SolutionConfigurationPlatforms) = preSolution
		Debug|Any CPU = Debug|Any CPU
		Release|Any CPU = Release|Any CPU
	EndGlobalSection
	GlobalSection(ProjectConfigurationPlatforms) = postSolution
		{043AC6BC-DF10-F464-3AD5-8B0C8A130FBF}.Debug|Any CPU.ActiveCfg = Debug|Any CPU
		{043AC6BC-DF10-F464-3AD5-8B0C8A130FBF}.Debug|Any CPU.Build.0 = Debug|Any CPU
		{043AC6BC-DF10-F464-3AD5-8B0C8A130FBF}.Release|Any CPU.ActiveCfg = Release|Any CPU
		{043AC6BC-DF10-F464-3AD5-8B0C8A130FBF}.Release|Any CPU.Build.0 = Release|Any CPU
	EndGlobalSection
	GlobalSection(SolutionProperties) = preSolution
		HideSolutionNode = FALSE
	EndGlobalSection
	GlobalSection(ExtensibilityGlobals) = postSolution
		SolutionGuid = {966FC7D3-A186-4571-8627-ED8D6BD3A0DB}
	EndGlobalSection
EndGlobal
